# THIS IS AN AUTOGENERATED FILE. DO NOT EDIT THIS FILE DIRECTLY.
# yarn lockfile v1


"@noble/curves@~1.0.0":
  version "1.0.0"
  resolved "https://registry.yarnpkg.com/@noble/curves/-/curves-1.0.0.tgz#e40be8c7daf088aaf291887cbc73f43464a92932"
  integrity sha512-2upgEu0iLiDVDZkNLeFV2+ht0BAVgQnEmCk6JsOch9Rp8xfkMCbvbAZlA2pBHQc73dbl+vFOXfqkf4uemdn0bw==
  dependencies:
    "@noble/hashes" "1.3.0"

"@noble/hashes@1.3.0":
  version "1.3.0"
  resolved "https://registry.yarnpkg.com/@noble/hashes/-/hashes-1.3.0.tgz#085fd70f6d7d9d109671090ccae1d3bec62554a1"
  integrity sha512-ilHEACi9DwqJB0pw7kv+Apvh50jiiSyR/cQ3y4W7lOR5mhvn/50FLUfsnfJz0BDZtl/RR16kXvptiv6q1msYZg==

"@noble/hashes@~1.3.0":
  version "1.3.1"
  resolved "https://registry.yarnpkg.com/@noble/hashes/-/hashes-1.3.1.tgz#8831ef002114670c603c458ab8b11328406953a9"
  integrity sha512-EbqwksQwz9xDRGfDST86whPBgM65E0OH/pCgqW0GBVzO22bNE+NuIbeTb714+IfSjU3aRk47EUvXIb5bTsenKA==

fibrous-router-sdk@0.3.2:
  version "0.3.2"
  resolved "https://registry.yarnpkg.com/fibrous-router-sdk/-/fibrous-router-sdk-0.3.2.tgz#0f35915d1ebb4e1d6726c805799633ed3470f51a"
  integrity sha512-4Js1jDwGXHZvIn0MvlCYFMjXzEdZHdSW3yE3garbTXqmwf9JYgQ3k07VBn3ICmX7wk8GLHRJfRiwBH3BkUY6PQ==
  dependencies:
    starknet "^5.14.1"

isomorphic-fetch@^3.0.0:
  version "3.0.0"
  resolved "https://registry.yarnpkg.com/isomorphic-fetch/-/isomorphic-fetch-3.0.0.tgz#0267b005049046d2421207215d45d6a262b8b8b4"
  integrity sha512-qvUtwJ3j6qwsF3jLxkZ72qCgjMysPzDfeV240JHiGZsANBYd+EEuu35v7dfrJ9Up0Ak07D7GGSkGhCHTqg/5wA==
  dependencies:
    node-fetch "^2.6.1"
    whatwg-fetch "^3.4.1"

lossless-json@^2.0.8:
  version "2.0.11"
  resolved "https://registry.yarnpkg.com/lossless-json/-/lossless-json-2.0.11.tgz#3137684c93fd99481c6f99c985efc9c9c5cc76a5"
  integrity sha512-BP0vn+NGYvzDielvBZaFain/wgeJ1hTvURCqtKvhr1SCPePdaaTanmmcplrHfEJSJOUql7hk4FHwToNJjWRY3g==

micro-starknet@~0.2.1:
  version "0.2.3"
  resolved "https://registry.yarnpkg.com/micro-starknet/-/micro-starknet-0.2.3.tgz#ff4e7caf599255d2110e9c57bb483dfaf493ccb3"
  integrity sha512-6XBcC+GerlwJSR4iA0VaeXtS2wrayWFcA4PEzrJPMuFmWCaUtuGIq5K/DB5F/XgnL54/zl2Bxo690Lj7mYVA8A==
  dependencies:
    "@noble/curves" "~1.0.0"
    "@noble/hashes" "~1.3.0"

node-fetch@^2.6.1:
  version "2.6.12"
  resolved "https://registry.yarnpkg.com/node-fetch/-/node-fetch-2.6.12.tgz#02eb8e22074018e3d5a83016649d04df0e348fba"
  integrity sha512-C/fGU2E8ToujUivIO0H+tpQ6HWo4eEmchoPIoXtxCrVghxdKq+QOHqEZW7tuP3KlV3bC8FRMO5nMCC7Zm1VP6g==
  dependencies:
    whatwg-url "^5.0.0"

pako@^2.0.4:
  version "2.1.0"
  resolved "https://registry.yarnpkg.com/pako/-/pako-2.1.0.tgz#266cc37f98c7d883545d11335c00fbd4062c9a86"
  integrity sha512-w+eufiZ1WuJYgPXbV/PO3NCMEc3xqylkKHzp8bxp1uW4qaSNQUkwmLLEc3kKsfz8lpV1F8Ht3U1Cm+9Srog2ug==

starknet@^5.14.1:
  version "5.14.1"
  resolved "https://registry.yarnpkg.com/starknet/-/starknet-5.14.1.tgz#97fa5f99c4c24e42ffa315cfda525461d09d6087"
  integrity sha512-EtJwQ6RmFsqSLGuMP+PRp4DwNsMYXy63HDnd1plLCdQKl3FMYajqNKf5RbDl03uGU0uE5ctGp+OW3firHuv6IA==
  dependencies:
    "@noble/curves" "~1.0.0"
    isomorphic-fetch "^3.0.0"
    lossless-json "^2.0.8"
    micro-starknet "~0.2.1"
    pako "^2.0.4"
    url-join "^4.0.1"

tr46@~0.0.3:
  version "0.0.3"
  resolved "https://registry.yarnpkg.com/tr46/-/tr46-0.0.3.tgz#8184fd347dac9cdc185992f3a6622e14b9d9ab6a"
  integrity sha512-N3WMsuqV66lT30CrXNbEjx4GEwlow3v6rr4mCcv6prnfwhS01rkgyFdjPNBYd9br7LpXV1+Emh01fHnq2Gdgrw==

url-join@^4.0.1:
  version "4.0.1"
  resolved "https://registry.yarnpkg.com/url-join/-/url-join-4.0.1.tgz#b642e21a2646808ffa178c4c5fda39844e12cde7"
  integrity sha512-jk1+QP6ZJqyOiuEI9AEWQfju/nB2Pw466kbA0LEZljHwKeMgd9WrAEgEGxjPDD2+TNbbb37rTyhEfrCXfuKXnA==

webidl-conversions@^3.0.0:
  version "3.0.1"
  resolved "https://registry.yarnpkg.com/webidl-conversions/-/webidl-conversions-3.0.1.tgz#24534275e2a7bc6be7bc86611cc16ae0a5654871"
  integrity sha512-2JAn3z8AR6rjK8Sm8orRC0h/bcl/DqL7tRPdGZ4I1CjdF+EaMLmYxBHyXuKL849eucPFhvBoxMsflfOb8kxaeQ==

whatwg-fetch@^3.4.1:
  version "3.6.2"
  resolved "https://registry.yarnpkg.com/whatwg-fetch/-/whatwg-fetch-3.6.2.tgz#dced24f37f2624ed0281725d51d0e2e3fe677f8c"
  integrity sha512-bJlen0FcuU/0EMLrdbJ7zOnW6ITZLrZMIarMUVmdKtsGvZna8vxKYaexICWPfZ8qwf9fzNq+UEIZrnSaApt6RA==

whatwg-url@^5.0.0:
  version "5.0.0"
  resolved "https://registry.yarnpkg.com/whatwg-url/-/whatwg-url-5.0.0.tgz#966454e8765462e37644d3626f6742ce8b70965d"
  integrity sha512-saE57nupxk6v3HY35+jzBwYa0rKSy0XR8JSxZPwgLr7ys0IBzhGviA1/TUGJLmSVqs8pb9AnvICXEuOHLprYTw==
  dependencies:
    tr46 "~0.0.3"
    webidl-conversions "^3.0.0"
